{
    "name": "@step/wepy2-com-toast",
    "version": "1.0.0",
    "lockfileVersion": 1,
    "requires": true,
    "dependencies": {
        "@wepy/core": {
            "version": "2.1.0",
            "resolved": "https://registry.npm.taobao.org/@wepy/core/download/@wepy/core-2.1.0.tgz",
            "integrity": "sha1-iU3Yj3m6rojfJa1VpDdUMnd6ShA=",
            "dev": true,
            "requires": {
                "miniprogram-api-typings": "^2.10.3-1"
            }
        },
        "miniprogram-api-typings": {
            "version": "2.12.0",
            "resolved": "https://registry.npm.taobao.org/miniprogram-api-typings/download/miniprogram-api-typings-2.12.0.tgz",
            "integrity": "sha1-einJDz5e+jZYhCLR8B4i0zlKqqE=",
            "dev": true
        }
    }
}
